{
    "_meta": {
        "hash": {
            "sha256": "a1b2c3d4e5f67890123456789abcdef1234567890abcdef1234567890abcdef"
        },
        "pipfile-spec": 6,
        "requires": {
            "python_version": "3.12"
        },
        "sources": [
            {
                "name": "pypi",
                "url": "https://pypi.org/simple",
                "verify_ssl": true
            }
        ]
    },
    "default": {
        "streamlit": {
            "version": "1.22.0",
            "hashes": [
                "sha256:1234567890abcdef1234567890abcdef1234567890abcdef1234567890abcdef"
            ]
        },
        "google-generativeai": {
            "version": "0.3.1",
            "hashes": [
                "sha256:abcdef1234567890abcdef1234567890abcdef1234567890abcdef12345678"
            ]
        },
        "langchain_google_genai": {
            "version": "0.1.0",
            "hashes": [
                "sha256:234567890abcdef1234567890abcdef1234567890abcdef1234567890abcdef"
            ]
        },
        "python-dotenv": {
            "version": "1.0.0",
            "hashes": [
                "sha256:abcdef1234567890abcdef1234567890abcdef1234567890abcdef12345678"
            ]
        },
        "langchain": {
            "version": "0.2.14",
            "hashes": [
                "sha256:1234567890abcdef1234567890abcdef1234567890abcdef1234567890abcdef"
            ]
        },
        "pypdf2": {
            "version": "3.0.0",
            "hashes": [
                "sha256:abcdef1234567890abcdef1234567890abcdef1234567890abcdef12345678"
            ]
        }
    },
    "develop": {}
}
