{
    "_meta": {
        "hash": {
            "sha256": "6b8ddfb328d99be334aa16a8e39c6df648d64a8bf09e49a419e96b112c3d2d0a"
        },
        "pipfile-spec": 6,
        "requires": {
            "python_version": "3.12"
        },
        "sources": [
            {
                "name": "pypi",
                "url": "https://pypi.org/simple",
                "verify_ssl": true
            }
        ]
    },
    "default": {},
    "develop": {}
}
