{
    "_meta": {
        "hash": {
            "sha256": "702ad05de9bc9de99a4807c8dde1686f31e0041d7b5f6f6b74861195a52110f5"
        },
        "pipfile-spec": 6,
        "requires": {
            "python_version": "3.12"
        },
        "sources": [
            {
                "name": "pypi",
                "url": "https://pypi.org/simple",
                "verify_ssl": true
            }
        ]
    },
    "default": {
        "streamlit": {
            "version": "==1.22.0",
            "hashes": [
                "sha256:examplehash"
            ]
        },
        "google-generativeai": {
            "version": "==0.3.1",
            "hashes": [
                "sha256:examplehash"
            ]
        },
        "python-dotenv": {
            "version": "==1.0.0",
            "hashes": [
                "sha256:examplehash"
            ]
        },
        "langchain": {
            "version": "==0.0.77",
            "hashes": [
                "sha256:examplehash"
            ]
        },
        "pypdf2": {
            "version": "==3.0.0",
            "hashes": [
                "sha256:examplehash"
            ]
        },
        "chromadb": {
            "version": "==0.3.21",
            "hashes": [
                "sha256:examplehash"
            ]
        },
        "faiss-cpu": {
            "version": "==1.7.1",
            "hashes": [
                "sha256:examplehash"
            ]
        },
        "langchain-google-genai": {
            "version": "==1.0.1",
            "hashes": [
                "sha256:examplehash"
            ]
        }
    },
    "develop": {}
}
